github.com/gempir/go-twitch-irc/v3 v3.3.0 h1:iBOKSwNbgsE/zYwzyoHNhXBlf/kkzl3V3k6H2myENRU=
github.com/gempir/go-twitch-irc/v3 v3.3.0/go.mod h1:/W9KZIiyizVecp4PEb7kc4AlIyXKiCmvlXrzlpPUytU=
github.com/hypebeast/go-osc v0.0.0-20220308234300-cec5a8a1e5f5 h1:fqwINudmUrvGCuw+e3tedZ2UJ0hklSw6t8UPomctKyQ=
github.com/hypebeast/go-osc v0.0.0-20220308234300-cec5a8a1e5f5/go.mod h1:lqMjoCs0y0GoRRujSPZRBaGb4c5ER6TfkFKSClxkMbY=
gitlab.com/gomidi/midi/v2 v2.0.30 h1:RgRYbQeQSab5ZaP1lqRcCTnTSBQroE3CE6V9HgMmOAc=
gitlab.com/gomidi/midi/v2 v2.0.30/go.mod h1:Y6IFFyABN415AYsFMPJb0/43TRIuVYDpGKp2gDYLTLI=
