Microsoft Visual Studio Solution File, Format Version 12.00
# Visual Studio Version 16
VisualStudioVersion = 16.0.30503.244
MinimumVisualStudioVersion = 10.0.40219.1
Project("{2150E333-8FDC-42A3-9474-1A3956D46DE8}") = "sources", "sources", "{26AC2413-23B7-4D1F-BB58-17D67106F3F1}"
EndProject
Project("{2150E333-8FDC-42A3-9474-1A3956D46DE8}") = "scripts", "scripts", "{097F442B-3AD1-4EE2-8805-568B719A0EED}"
	ProjectSection(SolutionItems) = preProject
		..\..\scripts\genplugin.py = ..\..\scripts\genplugin.py
	EndProjectSection
EndProject
Project("{8BC9CEB8-8B4A-11D0-8D11-00A0C91BC942}") = "Palette", "Palette.vcxproj", "{C814EFA6-E0B5-4251-8F87-175164F2930B}"
EndProject
Global
	GlobalSection(SolutionConfigurationPlatforms) = preSolution
		Debug|Win32 = Debug|Win32
		Debug|x64 = Debug|x64
		Release|Win32 = Release|Win32
		Release|x64 = Release|x64
	EndGlobalSection
	GlobalSection(ProjectConfigurationPlatforms) = postSolution
		{C814EFA6-E0B5-4251-8F87-175164F2930B}.Debug|Win32.ActiveCfg = Debug|Win32
		{C814EFA6-E0B5-4251-8F87-175164F2930B}.Debug|Win32.Build.0 = Debug|Win32
		{C814EFA6-E0B5-4251-8F87-175164F2930B}.Debug|x64.ActiveCfg = Debug|x64
		{C814EFA6-E0B5-4251-8F87-175164F2930B}.Debug|x64.Build.0 = Debug|x64
		{C814EFA6-E0B5-4251-8F87-175164F2930B}.Release|Win32.ActiveCfg = Release|Win32
		{C814EFA6-E0B5-4251-8F87-175164F2930B}.Release|Win32.Build.0 = Release|Win32
		{C814EFA6-E0B5-4251-8F87-175164F2930B}.Release|x64.ActiveCfg = Release|x64
		{C814EFA6-E0B5-4251-8F87-175164F2930B}.Release|x64.Build.0 = Release|x64
	EndGlobalSection
	GlobalSection(SolutionProperties) = preSolution
		HideSolutionNode = FALSE
	EndGlobalSection
	GlobalSection(NestedProjects) = preSolution
		{C814EFA6-E0B5-4251-8F87-175164F2930B} = {26AC2413-23B7-4D1F-BB58-17D67106F3F1}
	EndGlobalSection
	GlobalSection(ExtensibilityGlobals) = postSolution
		SolutionGuid = {28436461-C06F-497A-8594-636977E4CDAF}
	EndGlobalSection
EndGlobal
